PODS:
  - Alamofire (1.2.0)
  - EXPhotoViewer (1.1.2)
  - MBProgressHUD (0.9)

DEPENDENCIES:
  - Alamofire (~> 1.2)
  - ExPhotoViewer
  - MBProgressHUD (~> 0.8)

SPEC CHECKSUMS:
  Alamofire: d765c5c1713aa64106b0228aaa600a1e6851f68d
  EXPhotoViewer: 01d391c4e5f7d25470d92b26837d40a362714ce0
  MBProgressHUD: d8e7ea388dc1549a42e0d219067cf5f2c898fb66

COCOAPODS: 0.36.4
